// !$*UTF8*$!
{
	archiveVersion = 1;
	classes = {
	};
	objectVersion = 48;
	objects = {

/* Begin PBXBuildFile section */
		F2C051DD20B13B7F00726BDF /* ExpensesViewController.swift in Sources */ = {isa = PBXBuildFile; fileRef = F2C051DC20B13B7F00726BDF /* ExpensesViewController.swift */; };
		F2C051DF20B13BB200726BDF /* AddExpenseViewController.swift in Sources */ = {isa = PBXBuildFile; fileRef = F2C051DE20B13BB200726BDF /* AddExpenseViewController.swift */; };
		F2C051E120B13BD200726BDF /* ExpenseListTableViewController.swift in Sources */ = {isa = PBXBuildFile; fileRef = F2C051E020B13BD200726BDF /* ExpenseListTableViewController.swift */; };
		F2C6281420A919CF006AFFA1 /* AppDelegate.swift in Sources */ = {isa = PBXBuildFile; fileRef = F2C6281320A919CE006AFFA1 /* AppDelegate.swift */; };
		F2C6281620A919CF006AFFA1 /* ViewController.swift in Sources */ = {isa = PBXBuildFile; fileRef = F2C6281520A919CF006AFFA1 /* ViewController.swift */; };
		F2C6281920A919D0006AFFA1 /* Main.storyboard in Resources */ = {isa = PBXBuildFile; fileRef = F2C6281720A919D0006AFFA1 /* Main.storyboard */; };
		F2C6281B20A919D3006AFFA1 /* Assets.xcassets in Resources */ = {isa = PBXBuildFile; fileRef = F2C6281A20A919D3006AFFA1 /* Assets.xcassets */; };
		F2C6281E20A919D3006AFFA1 /* LaunchScreen.storyboard in Resources */ = {isa = PBXBuildFile; fileRef = F2C6281C20A919D3006AFFA1 /* LaunchScreen.storyboard */; };
		F2C6282920A919D3006AFFA1 /* StudentOrganiserTests.swift in Sources */ = {isa = PBXBuildFile; fileRef = F2C6282820A919D3006AFFA1 /* StudentOrganiserTests.swift */; };
		F2C6283420A919D3006AFFA1 /* StudentOrganiserUITests.swift in Sources */ = {isa = PBXBuildFile; fileRef = F2C6283320A919D3006AFFA1 /* StudentOrganiserUITests.swift */; };
/* End PBXBuildFile section */

/* Begin PBXContainerItemProxy section */
		F2C6282520A919D3006AFFA1 /* PBXContainerItemProxy */ = {
			isa = PBXContainerItemProxy;
			containerPortal = F2C6280820A919CA006AFFA1 /* Project object */;
			proxyType = 1;
			remoteGlobalIDString = F2C6280F20A919CD006AFFA1;
			remoteInfo = StudentOrganiser;
		};
		F2C6283020A919D3006AFFA1 /* PBXContainerItemProxy */ = {
			isa = PBXContainerItemProxy;
			containerPortal = F2C6280820A919CA006AFFA1 /* Project object */;
			proxyType = 1;
			remoteGlobalIDString = F2C6280F20A919CD006AFFA1;
			remoteInfo = StudentOrganiser;
		};
/* End PBXContainerItemProxy section */

/* Begin PBXFileReference section */
		F2C051DC20B13B7F00726BDF /* ExpensesViewController.swift */ = {isa = PBXFileReference; lastKnownFileType = sourcecode.swift; path = ExpensesViewController.swift; sourceTree = "<group>"; };
		F2C051DE20B13BB200726BDF /* AddExpenseViewController.swift */ = {isa = PBXFileReference; lastKnownFileType = sourcecode.swift; path = AddExpenseViewController.swift; sourceTree = "<group>"; };
		F2C051E020B13BD200726BDF /* ExpenseListTableViewController.swift */ = {isa = PBXFileReference; lastKnownFileType = sourcecode.swift; path = ExpenseListTableViewController.swift; sourceTree = "<group>"; };
		F2C6281020A919CD006AFFA1 /* StudentOrganiser.app */ = {isa = PBXFileReference; explicitFileType = wrapper.application; includeInIndex = 0; path = StudentOrganiser.app; sourceTree = BUILT_PRODUCTS_DIR; };
		F2C6281320A919CE006AFFA1 /* AppDelegate.swift */ = {isa = PBXFileReference; lastKnownFileType = sourcecode.swift; path = AppDelegate.swift; sourceTree = "<group>"; };
		F2C6281520A919CF006AFFA1 /* ViewController.swift */ = {isa = PBXFileReference; lastKnownFileType = sourcecode.swift; path = ViewController.swift; sourceTree = "<group>"; };
		F2C6281820A919D0006AFFA1 /* Base */ = {isa = PBXFileReference; lastKnownFileType = file.storyboard; name = Base; path = Base.lproj/Main.storyboard; sourceTree = "<group>"; };
		F2C6281A20A919D3006AFFA1 /* Assets.xcassets */ = {isa = PBXFileReference; lastKnownFileType = folder.assetcatalog; path = Assets.xcassets; sourceTree = "<group>"; };
		F2C6281D20A919D3006AFFA1 /* Base */ = {isa = PBXFileReference; lastKnownFileType = file.storyboard; name = Base; path = Base.lproj/LaunchScreen.storyboard; sourceTree = "<group>"; };
		F2C6281F20A919D3006AFFA1 /* Info.plist */ = {isa = PBXFileReference; lastKnownFileType = text.plist.xml; path = Info.plist; sourceTree = "<group>"; };
		F2C6282420A919D3006AFFA1 /* StudentOrganiserTests.xctest */ = {isa = PBXFileReference; explicitFileType = wrapper.cfbundle; includeInIndex = 0; path = StudentOrganiserTests.xctest; sourceTree = BUILT_PRODUCTS_DIR; };
		F2C6282820A919D3006AFFA1 /* StudentOrganiserTests.swift */ = {isa = PBXFileReference; lastKnownFileType = sourcecode.swift; path = StudentOrganiserTests.swift; sourceTree = "<group>"; };
		F2C6282A20A919D3006AFFA1 /* Info.plist */ = {isa = PBXFileReference; lastKnownFileType = text.plist.xml; path = Info.plist; sourceTree = "<group>"; };
		F2C6282F20A919D3006AFFA1 /* StudentOrganiserUITests.xctest */ = {isa = PBXFileReference; explicitFileType = wrapper.cfbundle; includeInIndex = 0; path = StudentOrganiserUITests.xctest; sourceTree = BUILT_PRODUCTS_DIR; };
		F2C6283320A919D3006AFFA1 /* StudentOrganiserUITests.swift */ = {isa = PBXFileReference; lastKnownFileType = sourcecode.swift; path = StudentOrganiserUITests.swift; sourceTree = "<group>"; };
		F2C6283520A919D3006AFFA1 /* Info.plist */ = {isa = PBXFileReference; lastKnownFileType = text.plist.xml; path = Info.plist; sourceTree = "<group>"; };
/* End PBXFileReference section */

/* Begin PBXFrameworksBuildPhase section */
		F2C6280D20A919CD006AFFA1 /* Frameworks */ = {
			isa = PBXFrameworksBuildPhase;
			buildActionMask = 2147483647;
			files = (
			);
			runOnlyForDeploymentPostprocessing = 0;
		};
		F2C6282120A919D3006AFFA1 /* Frameworks */ = {
			isa = PBXFrameworksBuildPhase;
			buildActionMask = 2147483647;
			files = (
			);
			runOnlyForDeploymentPostprocessing = 0;
		};
		F2C6282C20A919D3006AFFA1 /* Frameworks */ = {
			isa = PBXFrameworksBuildPhase;
			buildActionMask = 2147483647;
			files = (
			);
			runOnlyForDeploymentPostprocessing = 0;
		};
/* End PBXFrameworksBuildPhase section */

/* Begin PBXGroup section */
		F2C6280720A919CA006AFFA1 = {
			isa = PBXGroup;
			children = (
				F2C6281220A919CE006AFFA1 /* StudentOrganiser */,
				F2C6282720A919D3006AFFA1 /* StudentOrganiserTests */,
				F2C6283220A919D3006AFFA1 /* StudentOrganiserUITests */,
				F2C6281120A919CD006AFFA1 /* Products */,
			);
			sourceTree = "<group>";
		};
		F2C6281120A919CD006AFFA1 /* Products */ = {
			isa = PBXGroup;
			children = (
				F2C6281020A919CD006AFFA1 /* StudentOrganiser.app */,
				F2C6282420A919D3006AFFA1 /* StudentOrganiserTests.xctest */,
				F2C6282F20A919D3006AFFA1 /* StudentOrganiserUITests.xctest */,
			);
			name = Products;
			sourceTree = "<group>";
		};
		F2C6281220A919CE006AFFA1 /* StudentOrganiser */ = {
			isa = PBXGroup;
			children = (
				F2C6281320A919CE006AFFA1 /* AppDelegate.swift */,
				F2C6281520A919CF006AFFA1 /* ViewController.swift */,
				F2C6281720A919D0006AFFA1 /* Main.storyboard */,
				F2C6281A20A919D3006AFFA1 /* Assets.xcassets */,
				F2C6281C20A919D3006AFFA1 /* LaunchScreen.storyboard */,
				F2C6281F20A919D3006AFFA1 /* Info.plist */,
				F2C051DC20B13B7F00726BDF /* ExpensesViewController.swift */,
				F2C051DE20B13BB200726BDF /* AddExpenseViewController.swift */,
				F2C051E020B13BD200726BDF /* ExpenseListTableViewController.swift */,
			);
			path = StudentOrganiser;
			sourceTree = "<group>";
		};
		F2C6282720A919D3006AFFA1 /* StudentOrganiserTests */ = {
			isa = PBXGroup;
			children = (
				F2C6282820A919D3006AFFA1 /* StudentOrganiserTests.swift */,
				F2C6282A20A919D3006AFFA1 /* Info.plist */,
			);
			path = StudentOrganiserTests;
			sourceTree = "<group>";
		};
		F2C6283220A919D3006AFFA1 /* StudentOrganiserUITests */ = {
			isa = PBXGroup;
			children = (
				F2C6283320A919D3006AFFA1 /* StudentOrganiserUITests.swift */,
				F2C6283520A919D3006AFFA1 /* Info.plist */,
			);
			path = StudentOrganiserUITests;
			sourceTree = "<group>";
		};
/* End PBXGroup section */

/* Begin PBXNativeTarget section */
		F2C6280F20A919CD006AFFA1 /* StudentOrganiser */ = {
			isa = PBXNativeTarget;
			buildConfigurationList = F2C6283820A919D4006AFFA1 /* Build configuration list for PBXNativeTarget "StudentOrganiser" */;
			buildPhases = (
				F2C6280C20A919CD006AFFA1 /* Sources */,
				F2C6280D20A919CD006AFFA1 /* Frameworks */,
				F2C6280E20A919CD006AFFA1 /* Resources */,
			);
			buildRules = (
			);
			dependencies = (
			);
			name = StudentOrganiser;
			productName = StudentOrganiser;
			productReference = F2C6281020A919CD006AFFA1 /* StudentOrganiser.app */;
			productType = "com.apple.product-type.application";
		};
		F2C6282320A919D3006AFFA1 /* StudentOrganiserTests */ = {
			isa = PBXNativeTarget;
			buildConfigurationList = F2C6283B20A919D4006AFFA1 /* Build configuration list for PBXNativeTarget "StudentOrganiserTests" */;
			buildPhases = (
				F2C6282020A919D3006AFFA1 /* Sources */,
				F2C6282120A919D3006AFFA1 /* Frameworks */,
				F2C6282220A919D3006AFFA1 /* Resources */,
			);
			buildRules = (
			);
			dependencies = (
				F2C6282620A919D3006AFFA1 /* PBXTargetDependency */,
			);
			name = StudentOrganiserTests;
			productName = StudentOrganiserTests;
			productReference = F2C6282420A919D3006AFFA1 /* StudentOrganiserTests.xctest */;
			productType = "com.apple.product-type.bundle.unit-test";
		};
		F2C6282E20A919D3006AFFA1 /* StudentOrganiserUITests */ = {
			isa = PBXNativeTarget;
			buildConfigurationList = F2C6283E20A919D4006AFFA1 /* Build configuration list for PBXNativeTarget "StudentOrganiserUITests" */;
			buildPhases = (
				F2C6282B20A919D3006AFFA1 /* Sources */,
				F2C6282C20A919D3006AFFA1 /* Frameworks */,
				F2C6282D20A919D3006AFFA1 /* Resources */,
			);
			buildRules = (
			);
			dependencies = (
				F2C6283120A919D3006AFFA1 /* PBXTargetDependency */,
			);
			name = StudentOrganiserUITests;
			productName = StudentOrganiserUITests;
			productReference = F2C6282F20A919D3006AFFA1 /* StudentOrganiserUITests.xctest */;
			productType = "com.apple.product-type.bundle.ui-testing";
		};
/* End PBXNativeTarget section */

/* Begin PBXProject section */
		F2C6280820A919CA006AFFA1 /* Project object */ = {
			isa = PBXProject;
			attributes = {
				LastSwiftUpdateCheck = 0920;
				LastUpgradeCheck = 0920;
				ORGANIZATIONNAME = "Jacob Brennan";
				TargetAttributes = {
					F2C6280F20A919CD006AFFA1 = {
						CreatedOnToolsVersion = 9.2;
						ProvisioningStyle = Automatic;
					};
					F2C6282320A919D3006AFFA1 = {
						CreatedOnToolsVersion = 9.2;
						ProvisioningStyle = Automatic;
						TestTargetID = F2C6280F20A919CD006AFFA1;
					};
					F2C6282E20A919D3006AFFA1 = {
						CreatedOnToolsVersion = 9.2;
						ProvisioningStyle = Automatic;
						TestTargetID = F2C6280F20A919CD006AFFA1;
					};
				};
			};
			buildConfigurationList = F2C6280B20A919CB006AFFA1 /* Build configuration list for PBXProject "StudentOrganiser" */;
			compatibilityVersion = "Xcode 8.0";
			developmentRegion = en;
			hasScannedForEncodings = 0;
			knownRegions = (
				en,
				Base,
			);
			mainGroup = F2C6280720A919CA006AFFA1;
			productRefGroup = F2C6281120A919CD006AFFA1 /* Products */;
			projectDirPath = "";
			projectRoot = "";
			targets = (
				F2C6280F20A919CD006AFFA1 /* StudentOrganiser */,
				F2C6282320A919D3006AFFA1 /* StudentOrganiserTests */,
				F2C6282E20A919D3006AFFA1 /* StudentOrganiserUITests */,
			);
		};
/* End PBXProject section */

/* Begin PBXResourcesBuildPhase section */
		F2C6280E20A919CD006AFFA1 /* Resources */ = {
			isa = PBXResourcesBuildPhase;
			buildActionMask = 2147483647;
			files = (
				F2C6281E20A919D3006AFFA1 /* LaunchScreen.storyboard in Resources */,
				F2C6281B20A919D3006AFFA1 /* Assets.xcassets in Resources */,
				F2C6281920A919D0006AFFA1 /* Main.storyboard in Resources */,
			);
			runOnlyForDeploymentPostprocessing = 0;
		};
		F2C6282220A919D3006AFFA1 /* Resources */ = {
			isa = PBXResourcesBuildPhase;
			buildActionMask = 2147483647;
			files = (
			);
			runOnlyForDeploymentPostprocessing = 0;
		};
		F2C6282D20A919D3006AFFA1 /* Resources */ = {
			isa = PBXResourcesBuildPhase;
			buildActionMask = 2147483647;
			files = (
			);
			runOnlyForDeploymentPostprocessing = 0;
		};
/* End PBXResourcesBuildPhase section */

/* Begin PBXSourcesBuildPhase section */
		F2C6280C20A919CD006AFFA1 /* Sources */ = {
			isa = PBXSourcesBuildPhase;
			buildActionMask = 2147483647;
			files = (
				F2C6281620A919CF006AFFA1 /* ViewController.swift in Sources */,
				F2C051E120B13BD200726BDF /* ExpenseListTableViewController.swift in Sources */,
				F2C051DF20B13BB200726BDF /* AddExpenseViewController.swift in Sources */,
				F2C6281420A919CF006AFFA1 /* AppDelegate.swift in Sources */,
				F2C051DD20B13B7F00726BDF /* ExpensesViewController.swift in Sources */,
			);
			runOnlyForDeploymentPostprocessing = 0;
		};
		F2C6282020A919D3006AFFA1 /* Sources */ = {
			isa = PBXSourcesBuildPhase;
			buildActionMask = 2147483647;
			files = (
				F2C6282920A919D3006AFFA1 /* StudentOrganiserTests.swift in Sources */,
			);
			runOnlyForDeploymentPostprocessing = 0;
		};
		F2C6282B20A919D3006AFFA1 /* Sources */ = {
			isa = PBXSourcesBuildPhase;
			buildActionMask = 2147483647;
			files = (
				F2C6283420A919D3006AFFA1 /* StudentOrganiserUITests.swift in Sources */,
			);
			runOnlyForDeploymentPostprocessing = 0;
		};
/* End PBXSourcesBuildPhase section */

/* Begin PBXTargetDependency section */
		F2C6282620A919D3006AFFA1 /* PBXTargetDependency */ = {
			isa = PBXTargetDependency;
			target = F2C6280F20A919CD006AFFA1 /* StudentOrganiser */;
			targetProxy = F2C6282520A919D3006AFFA1 /* PBXContainerItemProxy */;
		};
		F2C6283120A919D3006AFFA1 /* PBXTargetDependency */ = {
			isa = PBXTargetDependency;
			target = F2C6280F20A919CD006AFFA1 /* StudentOrganiser */;
			targetProxy = F2C6283020A919D3006AFFA1 /* PBXContainerItemProxy */;
		};
/* End PBXTargetDependency section */

/* Begin PBXVariantGroup section */
		F2C6281720A919D0006AFFA1 /* Main.storyboard */ = {
			isa = PBXVariantGroup;
			children = (
				F2C6281820A919D0006AFFA1 /* Base */,
			);
			name = Main.storyboard;
			sourceTree = "<group>";
		};
		F2C6281C20A919D3006AFFA1 /* LaunchScreen.storyboard */ = {
			isa = PBXVariantGroup;
			children = (
				F2C6281D20A919D3006AFFA1 /* Base */,
			);
			name = LaunchScreen.storyboard;
			sourceTree = "<group>";
		};
/* End PBXVariantGroup section */

/* Begin XCBuildConfiguration section */
		F2C6283620A919D4006AFFA1 /* Debug */ = {
			isa = XCBuildConfiguration;
			buildSettings = {
				ALWAYS_SEARCH_USER_PATHS = NO;
				CLANG_ANALYZER_NONNULL = YES;
				CLANG_ANALYZER_NUMBER_OBJECT_CONVERSION = YES_AGGRESSIVE;
				CLANG_CXX_LANGUAGE_STANDARD = "gnu++14";
				CLANG_CXX_LIBRARY = "libc++";
				CLANG_ENABLE_MODULES = YES;
				CLANG_ENABLE_OBJC_ARC = YES;
				CLANG_WARN_BLOCK_CAPTURE_AUTORELEASING = YES;
				CLANG_WARN_BOOL_CONVERSION = YES;
				CLANG_WARN_COMMA = YES;
				CLANG_WARN_CONSTANT_CONVERSION = YES;
				CLANG_WARN_DIRECT_OBJC_ISA_USAGE = YES_ERROR;
				CLANG_WARN_DOCUMENTATION_COMMENTS = YES;
				CLANG_WARN_EMPTY_BODY = YES;
				CLANG_WARN_ENUM_CONVERSION = YES;
				CLANG_WARN_INFINITE_RECURSION = YES;
				CLANG_WARN_INT_CONVERSION = YES;
				CLANG_WARN_NON_LITERAL_NULL_CONVERSION = YES;
				CLANG_WARN_OBJC_LITERAL_CONVERSION = YES;
				CLANG_WARN_OBJC_ROOT_CLASS = YES_ERROR;
				CLANG_WARN_RANGE_LOOP_ANALYSIS = YES;
				CLANG_WARN_STRICT_PROTOTYPES = YES;
				CLANG_WARN_SUSPICIOUS_MOVE = YES;
				CLANG_WARN_UNGUARDED_AVAILABILITY = YES_AGGRESSIVE;
				CLANG_WARN_UNREACHABLE_CODE = YES;
				CLANG_WARN__DUPLICATE_METHOD_MATCH = YES;
				CODE_SIGN_IDENTITY = "iPhone Developer";
				COPY_PHASE_STRIP = NO;
				DEBUG_INFORMATION_FORMAT = dwarf;
				ENABLE_STRICT_OBJC_MSGSEND = YES;
				ENABLE_TESTABILITY = YES;
				GCC_C_LANGUAGE_STANDARD = gnu11;
				GCC_DYNAMIC_NO_PIC = NO;
				GCC_NO_COMMON_BLOCKS = YES;
				GCC_OPTIMIZATION_LEVEL = 0;
				GCC_PREPROCESSOR_DEFINITIONS = (
					"DEBUG=1",
					"$(inherited)",
				);
				GCC_WARN_64_TO_32_BIT_CONVERSION = YES;
				GCC_WARN_ABOUT_RETURN_TYPE = YES_ERROR;
				GCC_WARN_UNDECLARED_SELECTOR = YES;
				GCC_WARN_UNINITIALIZED_AUTOS = YES_AGGRESSIVE;
				GCC_WARN_UNUSED_FUNCTION = YES;
				GCC_WARN_UNUSED_VARIABLE = YES;
				IPHONEOS_DEPLOYMENT_TARGET = 11.2;
				MTL_ENABLE_DEBUG_INFO = YES;
				ONLY_ACTIVE_ARCH = YES;
				SDKROOT = iphoneos;
				SWIFT_ACTIVE_COMPILATION_CONDITIONS = DEBUG;
				SWIFT_OPTIMIZATION_LEVEL = "-Onone";
			};
			name = Debug;
		};
		F2C6283720A919D4006AFFA1 /* Release */ = {
			isa = XCBuildConfiguration;
			buildSettings = {
				ALWAYS_SEARCH_USER_PATHS = NO;
				CLANG_ANALYZER_NONNULL = YES;
				CLANG_ANALYZER_NUMBER_OBJECT_CONVERSION = YES_AGGRESSIVE;
				CLANG_CXX_LANGUAGE_STANDARD = "gnu++14";
				CLANG_CXX_LIBRARY = "libc++";
				CLANG_ENABLE_MODULES = YES;
				CLANG_ENABLE_OBJC_ARC = YES;
				CLANG_WARN_BLOCK_CAPTURE_AUTORELEASING = YES;
				CLANG_WARN_BOOL_CONVERSION = YES;
				CLANG_WARN_COMMA = YES;
				CLANG_WARN_CONSTANT_CONVERSION = YES;
				CLANG_WARN_DIRECT_OBJC_ISA_USAGE = YES_ERROR;
				CLANG_WARN_DOCUMENTATION_COMMENTS = YES;
				CLANG_WARN_EMPTY_BODY = YES;
				CLANG_WARN_ENUM_CONVERSION = YES;
				CLANG_WARN_INFINITE_RECURSION = YES;
				CLANG_WARN_INT_CONVERSION = YES;
				CLANG_WARN_NON_LITERAL_NULL_CONVERSION = YES;
				CLANG_WARN_OBJC_LITERAL_CONVERSION = YES;
				CLANG_WARN_OBJC_ROOT_CLASS = YES_ERROR;
				CLANG_WARN_RANGE_LOOP_ANALYSIS = YES;
				CLANG_WARN_STRICT_PROTOTYPES = YES;
				CLANG_WARN_SUSPICIOUS_MOVE = YES;
				CLANG_WARN_UNGUARDED_AVAILABILITY = YES_AGGRESSIVE;
				CLANG_WARN_UNREACHABLE_CODE = YES;
				CLANG_WARN__DUPLICATE_METHOD_MATCH = YES;
				CODE_SIGN_IDENTITY = "iPhone Developer";
				COPY_PHASE_STRIP = NO;
				DEBUG_INFORMATION_FORMAT = "dwarf-with-dsym";
				ENABLE_NS_ASSERTIONS = NO;
				ENABLE_STRICT_OBJC_MSGSEND = YES;
				GCC_C_LANGUAGE_STANDARD = gnu11;
				GCC_NO_COMMON_BLOCKS = YES;
				GCC_WARN_64_TO_32_BIT_CONVERSION = YES;
				GCC_WARN_ABOUT_RETURN_TYPE = YES_ERROR;
				GCC_WARN_UNDECLARED_SELECTOR = YES;
				GCC_WARN_UNINITIALIZED_AUTOS = YES_AGGRESSIVE;
				GCC_WARN_UNUSED_FUNCTION = YES;
				GCC_WARN_UNUSED_VARIABLE = YES;
				IPHONEOS_DEPLOYMENT_TARGET = 11.2;
				MTL_ENABLE_DEBUG_INFO = NO;
				SDKROOT = iphoneos;
				SWIFT_OPTIMIZATION_LEVEL = "-Owholemodule";
				VALIDATE_PRODUCT = YES;
			};
			name = Release;
		};
		F2C6283920A919D4006AFFA1 /* Debug */ = {
			isa = XCBuildConfiguration;
			buildSettings = {
				ASSETCATALOG_COMPILER_APPICON_NAME = AppIcon;
				CODE_SIGN_STYLE = Automatic;
				INFOPLIST_FILE = StudentOrganiser/Info.plist;
				LD_RUNPATH_SEARCH_PATHS = "$(inherited) @executable_path/Frameworks";
				PRODUCT_BUNDLE_IDENTIFIER = Jacob.StudentOrganiser;
				PRODUCT_NAME = "$(TARGET_NAME)";
				SWIFT_VERSION = 4.0;
				TARGETED_DEVICE_FAMILY = "1,2";
			};
			name = Debug;
		};
		F2C6283A20A919D4006AFFA1 /* Release */ = {
			isa = XCBuildConfiguration;
			buildSettings = {
				ASSETCATALOG_COMPILER_APPICON_NAME = AppIcon;
				CODE_SIGN_STYLE = Automatic;
				INFOPLIST_FILE = StudentOrganiser/Info.plist;
				LD_RUNPATH_SEARCH_PATHS = "$(inherited) @executable_path/Frameworks";
				PRODUCT_BUNDLE_IDENTIFIER = Jacob.StudentOrganiser;
				PRODUCT_NAME = "$(TARGET_NAME)";
				SWIFT_VERSION = 4.0;
				TARGETED_DEVICE_FAMILY = "1,2";
			};
			name = Release;
		};
		F2C6283C20A919D4006AFFA1 /* Debug */ = {
			isa = XCBuildConfiguration;
			buildSettings = {
				ALWAYS_EMBED_SWIFT_STANDARD_LIBRARIES = YES;
				BUNDLE_LOADER = "$(TEST_HOST)";
				CODE_SIGN_STYLE = Automatic;
				INFOPLIST_FILE = StudentOrganiserTests/Info.plist;
				LD_RUNPATH_SEARCH_PATHS = "$(inherited) @executable_path/Frameworks @loader_path/Frameworks";
				PRODUCT_BUNDLE_IDENTIFIER = Jacob.StudentOrganiserTests;
				PRODUCT_NAME = "$(TARGET_NAME)";
				SWIFT_VERSION = 4.0;
				TARGETED_DEVICE_FAMILY = "1,2";
				TEST_HOST = "$(BUILT_PRODUCTS_DIR)/StudentOrganiser.app/StudentOrganiser";
			};
			name = Debug;
		};
		F2C6283D20A919D4006AFFA1 /* Release */ = {
			isa = XCBuildConfiguration;
			buildSettings = {
				ALWAYS_EMBED_SWIFT_STANDARD_LIBRARIES = YES;
				BUNDLE_LOADER = "$(TEST_HOST)";
				CODE_SIGN_STYLE = Automatic;
				INFOPLIST_FILE = StudentOrganiserTests/Info.plist;
				LD_RUNPATH_SEARCH_PATHS = "$(inherited) @executable_path/Frameworks @loader_path/Frameworks";
				PRODUCT_BUNDLE_IDENTIFIER = Jacob.StudentOrganiserTests;
				PRODUCT_NAME = "$(TARGET_NAME)";
				SWIFT_VERSION = 4.0;
				TARGETED_DEVICE_FAMILY = "1,2";
				TEST_HOST = "$(BUILT_PRODUCTS_DIR)/StudentOrganiser.app/StudentOrganiser";
			};
			name = Release;
		};
		F2C6283F20A919D4006AFFA1 /* Debug */ = {
			isa = XCBuildConfiguration;
			buildSettings = {
				ALWAYS_EMBED_SWIFT_STANDARD_LIBRARIES = YES;
				CODE_SIGN_STYLE = Automatic;
				INFOPLIST_FILE = StudentOrganiserUITests/Info.plist;
				LD_RUNPATH_SEARCH_PATHS = "$(inherited) @executable_path/Frameworks @loader_path/Frameworks";
				PRODUCT_BUNDLE_IDENTIFIER = Jacob.StudentOrganiserUITests;
				PRODUCT_NAME = "$(TARGET_NAME)";
				SWIFT_VERSION = 4.0;
				TARGETED_DEVICE_FAMILY = "1,2";
				TEST_TARGET_NAME = StudentOrganiser;
			};
			name = Debug;
		};
		F2C6284020A919D4006AFFA1 /* Release */ = {
			isa = XCBuildConfiguration;
			buildSettings = {
				ALWAYS_EMBED_SWIFT_STANDARD_LIBRARIES = YES;
				CODE_SIGN_STYLE = Automatic;
				INFOPLIST_FILE = StudentOrganiserUITests/Info.plist;
				LD_RUNPATH_SEARCH_PATHS = "$(inherited) @executable_path/Frameworks @loader_path/Frameworks";
				PRODUCT_BUNDLE_IDENTIFIER = Jacob.StudentOrganiserUITests;
				PRODUCT_NAME = "$(TARGET_NAME)";
				SWIFT_VERSION = 4.0;
				TARGETED_DEVICE_FAMILY = "1,2";
				TEST_TARGET_NAME = StudentOrganiser;
			};
			name = Release;
		};
/* End XCBuildConfiguration section */

/* Begin XCConfigurationList section */
		F2C6280B20A919CB006AFFA1 /* Build configuration list for PBXProject "StudentOrganiser" */ = {
			isa = XCConfigurationList;
			buildConfigurations = (
				F2C6283620A919D4006AFFA1 /* Debug */,
				F2C6283720A919D4006AFFA1 /* Release */,
			);
			defaultConfigurationIsVisible = 0;
			defaultConfigurationName = Release;
		};
		F2C6283820A919D4006AFFA1 /* Build configuration list for PBXNativeTarget "StudentOrganiser" */ = {
			isa = XCConfigurationList;
			buildConfigurations = (
				F2C6283920A919D4006AFFA1 /* Debug */,
				F2C6283A20A919D4006AFFA1 /* Release */,
			);
			defaultConfigurationIsVisible = 0;
			defaultConfigurationName = Release;
		};
		F2C6283B20A919D4006AFFA1 /* Build configuration list for PBXNativeTarget "StudentOrganiserTests" */ = {
			isa = XCConfigurationList;
			buildConfigurations = (
				F2C6283C20A919D4006AFFA1 /* Debug */,
				F2C6283D20A919D4006AFFA1 /* Release */,
			);
			defaultConfigurationIsVisible = 0;
			defaultConfigurationName = Release;
		};
		F2C6283E20A919D4006AFFA1 /* Build configuration list for PBXNativeTarget "StudentOrganiserUITests" */ = {
			isa = XCConfigurationList;
			buildConfigurations = (
				F2C6283F20A919D4006AFFA1 /* Debug */,
				F2C6284020A919D4006AFFA1 /* Release */,
			);
			defaultConfigurationIsVisible = 0;
			defaultConfigurationName = Release;
		};
/* End XCConfigurationList section */
	};
	rootObject = F2C6280820A919CA006AFFA1 /* Project object */;
}
